
Microsoft Visual Studio Solution File, Format Version 12.00
# Visual Studio Version 16
VisualStudioVersion = 16.0.30717.126
MinimumVisualStudioVersion = 10.0.40219.1
Project("{8BC9CEB8-8B4A-11D0-8D11-00A0C91BC942}") = "TestProject_V1", "TestProject_V1\TestProject_V1.vcxproj", "{CEAF6AA0-B44F-43CD-96D8-1356642FD4E9}"
EndProject
Global
	GlobalSection(SolutionConfigurationPlatforms) = preSolution
		Debug|x64 = Debug|x64
		Debug|x86 = Debug|x86
		Release|x64 = Release|x64
		Release|x86 = Release|x86
	EndGlobalSection
	GlobalSection(ProjectConfigurationPlatforms) = postSolution
		{CEAF6AA0-B44F-43CD-96D8-1356642FD4E9}.Debug|x64.ActiveCfg = Debug|x64
		{CEAF6AA0-B44F-43CD-96D8-1356642FD4E9}.Debug|x64.Build.0 = Debug|x64
		{CEAF6AA0-B44F-43CD-96D8-1356642FD4E9}.Debug|x86.ActiveCfg = Debug|Win32
		{CEAF6AA0-B44F-43CD-96D8-1356642FD4E9}.Debug|x86.Build.0 = Debug|Win32
		{CEAF6AA0-B44F-43CD-96D8-1356642FD4E9}.Release|x64.ActiveCfg = Release|x64
		{CEAF6AA0-B44F-43CD-96D8-1356642FD4E9}.Release|x64.Build.0 = Release|x64
		{CEAF6AA0-B44F-43CD-96D8-1356642FD4E9}.Release|x86.ActiveCfg = Release|Win32
		{CEAF6AA0-B44F-43CD-96D8-1356642FD4E9}.Release|x86.Build.0 = Release|Win32
	EndGlobalSection
	GlobalSection(SolutionProperties) = preSolution
		HideSolutionNode = FALSE
	EndGlobalSection
	GlobalSection(ExtensibilityGlobals) = postSolution
		SolutionGuid = {69B1DC3B-DDA3-44F9-9CA0-65644BBE36B6}
	EndGlobalSection
EndGlobal
